
Microsoft Visual Studio Solution File, Format Version 12.00
# Visual Studio Version 17
VisualStudioVersion = 17.2.32630.192
MinimumVisualStudioVersion = 10.0.40219.1
Project("{FAE04EC0-301F-11D3-BF4B-00C04F79EFBC}") = "SuperHeroAPI", "SuperHeroAPI.csproj", "{0AF4D955-2425-4FFE-BCB8-17D403D37DD3}"
EndProject
Global
	GlobalSection(SolutionConfigurationPlatforms) = preSolution
		Debug|Any CPU = Debug|Any CPU
		Release|Any CPU = Release|Any CPU
	EndGlobalSection
	GlobalSection(ProjectConfigurationPlatforms) = postSolution
		{0AF4D955-2425-4FFE-BCB8-17D403D37DD3}.Debug|Any CPU.ActiveCfg = Debug|Any CPU
		{0AF4D955-2425-4FFE-BCB8-17D403D37DD3}.Debug|Any CPU.Build.0 = Debug|Any CPU
		{0AF4D955-2425-4FFE-BCB8-17D403D37DD3}.Release|Any CPU.ActiveCfg = Release|Any CPU
		{0AF4D955-2425-4FFE-BCB8-17D403D37DD3}.Release|Any CPU.Build.0 = Release|Any CPU
	EndGlobalSection
	GlobalSection(SolutionProperties) = preSolution
		HideSolutionNode = FALSE
	EndGlobalSection
	GlobalSection(ExtensibilityGlobals) = postSolution
		SolutionGuid = {44BEB957-D828-4F9A-B977-DC4139BE7683}
	EndGlobalSection
EndGlobal
